
Microsoft Visual Studio Solution File, Format Version 12.00
# Visual Studio Version 17
VisualStudioVersion = 17.11.35222.181
MinimumVisualStudioVersion = 10.0.40219.1
Project("{9A19103F-16F7-4668-BE54-9A1E7A4F7556}") = "Asm5_BanHoanChinh1", "Asm5_BanHoanChinh1.csproj", "{4827790E-7948-4CB3-9FCB-0CE0655CD9B3}"
EndProject
Project("{FAE04EC0-301F-11D3-BF4B-00C04F79EFBC}") = "Asm_API", "..\Asm_API\Asm_API.csproj", "{C526A958-9550-4AF5-BBD3-E3E51D01522E}"
EndProject
Global
	GlobalSection(SolutionConfigurationPlatforms) = preSolution
		Debug|Any CPU = Debug|Any CPU
		Release|Any CPU = Release|Any CPU
	EndGlobalSection
	GlobalSection(ProjectConfigurationPlatforms) = postSolution
		{4827790E-7948-4CB3-9FCB-0CE0655CD9B3}.Debug|Any CPU.ActiveCfg = Debug|Any CPU
		{4827790E-7948-4CB3-9FCB-0CE0655CD9B3}.Debug|Any CPU.Build.0 = Debug|Any CPU
		{4827790E-7948-4CB3-9FCB-0CE0655CD9B3}.Release|Any CPU.ActiveCfg = Release|Any CPU
		{4827790E-7948-4CB3-9FCB-0CE0655CD9B3}.Release|Any CPU.Build.0 = Release|Any CPU
		{C526A958-9550-4AF5-BBD3-E3E51D01522E}.Debug|Any CPU.ActiveCfg = Debug|Any CPU
		{C526A958-9550-4AF5-BBD3-E3E51D01522E}.Debug|Any CPU.Build.0 = Debug|Any CPU
		{C526A958-9550-4AF5-BBD3-E3E51D01522E}.Release|Any CPU.ActiveCfg = Release|Any CPU
		{C526A958-9550-4AF5-BBD3-E3E51D01522E}.Release|Any CPU.Build.0 = Release|Any CPU
	EndGlobalSection
	GlobalSection(SolutionProperties) = preSolution
		HideSolutionNode = FALSE
	EndGlobalSection
	GlobalSection(ExtensibilityGlobals) = postSolution
		SolutionGuid = {2849A676-3BC0-4079-A6CE-CAEADCCE1AA0}
	EndGlobalSection
EndGlobal
